{
  "object": {
    "pins": [
      {
        "package": "IQKeyboardManagerSwift",
        "repositoryURL": "https://github.com/hackiftekhar/IQKeyboardManager",
        "state": {
          "branch": null,
          "revision": "a911a481b9a031ea6ec949030871cbb851d01111",
          "version": "6.5.3"
        }
      }
    ]
  },
  "version": 1
}
